// !$*UTF8*$!
{
	archiveVersion = 1;
	classes = {
	};
	objectVersion = 56;
	objects = {

/* Begin PBXBuildFile section */
		614CFA4C2B2193710077D5BE /* FirstSocialMediaApp.swift in Sources */ = {isa = PBXBuildFile; fileRef = 614CFA4B2B2193710077D5BE /* FirstSocialMediaApp.swift */; };
		614CFA4E2B2193710077D5BE /* ContentView.swift in Sources */ = {isa = PBXBuildFile; fileRef = 614CFA4D2B2193710077D5BE /* ContentView.swift */; };
		614CFA502B2193720077D5BE /* Assets.xcassets in Resources */ = {isa = PBXBuildFile; fileRef = 614CFA4F2B2193720077D5BE /* Assets.xcassets */; };
		614CFA532B2193720077D5BE /* Preview Assets.xcassets in Resources */ = {isa = PBXBuildFile; fileRef = 614CFA522B2193720077D5BE /* Preview Assets.xcassets */; };
		614CFA5D2B2193730077D5BE /* FirstSocialMediaTests.swift in Sources */ = {isa = PBXBuildFile; fileRef = 614CFA5C2B2193730077D5BE /* FirstSocialMediaTests.swift */; };
		614CFA672B2193730077D5BE /* FirstSocialMediaUITests.swift in Sources */ = {isa = PBXBuildFile; fileRef = 614CFA662B2193730077D5BE /* FirstSocialMediaUITests.swift */; };
		614CFA692B2193730077D5BE /* FirstSocialMediaUITestsLaunchTests.swift in Sources */ = {isa = PBXBuildFile; fileRef = 614CFA682B2193730077D5BE /* FirstSocialMediaUITestsLaunchTests.swift */; };
/* End PBXBuildFile section */

/* Begin PBXContainerItemProxy section */
		614CFA592B2193730077D5BE /* PBXContainerItemProxy */ = {
			isa = PBXContainerItemProxy;
			containerPortal = 614CFA402B2193710077D5BE /* Project object */;
			proxyType = 1;
			remoteGlobalIDString = 614CFA472B2193710077D5BE;
			remoteInfo = FirstSocialMedia;
		};
		614CFA632B2193730077D5BE /* PBXContainerItemProxy */ = {
			isa = PBXContainerItemProxy;
			containerPortal = 614CFA402B2193710077D5BE /* Project object */;
			proxyType = 1;
			remoteGlobalIDString = 614CFA472B2193710077D5BE;
			remoteInfo = FirstSocialMedia;
		};
/* End PBXContainerItemProxy section */

/* Begin PBXFileReference section */
		614CFA482B2193710077D5BE /* FirstSocialMedia.app */ = {isa = PBXFileReference; explicitFileType = wrapper.application; includeInIndex = 0; path = FirstSocialMedia.app; sourceTree = BUILT_PRODUCTS_DIR; };
		614CFA4B2B2193710077D5BE /* FirstSocialMediaApp.swift */ = {isa = PBXFileReference; lastKnownFileType = sourcecode.swift; path = FirstSocialMediaApp.swift; sourceTree = "<group>"; };
		614CFA4D2B2193710077D5BE /* ContentView.swift */ = {isa = PBXFileReference; lastKnownFileType = sourcecode.swift; path = ContentView.swift; sourceTree = "<group>"; };
		614CFA4F2B2193720077D5BE /* Assets.xcassets */ = {isa = PBXFileReference; lastKnownFileType = folder.assetcatalog; path = Assets.xcassets; sourceTree = "<group>"; };
		614CFA522B2193720077D5BE /* Preview Assets.xcassets */ = {isa = PBXFileReference; lastKnownFileType = folder.assetcatalog; path = "Preview Assets.xcassets"; sourceTree = "<group>"; };
		614CFA582B2193730077D5BE /* FirstSocialMediaTests.xctest */ = {isa = PBXFileReference; explicitFileType = wrapper.cfbundle; includeInIndex = 0; path = FirstSocialMediaTests.xctest; sourceTree = BUILT_PRODUCTS_DIR; };
		614CFA5C2B2193730077D5BE /* FirstSocialMediaTests.swift */ = {isa = PBXFileReference; lastKnownFileType = sourcecode.swift; path = FirstSocialMediaTests.swift; sourceTree = "<group>"; };
		614CFA622B2193730077D5BE /* FirstSocialMediaUITests.xctest */ = {isa = PBXFileReference; explicitFileType = wrapper.cfbundle; includeInIndex = 0; path = FirstSocialMediaUITests.xctest; sourceTree = BUILT_PRODUCTS_DIR; };
		614CFA662B2193730077D5BE /* FirstSocialMediaUITests.swift */ = {isa = PBXFileReference; lastKnownFileType = sourcecode.swift; path = FirstSocialMediaUITests.swift; sourceTree = "<group>"; };
		614CFA682B2193730077D5BE /* FirstSocialMediaUITestsLaunchTests.swift */ = {isa = PBXFileReference; lastKnownFileType = sourcecode.swift; path = FirstSocialMediaUITestsLaunchTests.swift; sourceTree = "<group>"; };
/* End PBXFileReference section */

/* Begin PBXFrameworksBuildPhase section */
		614CFA452B2193710077D5BE /* Frameworks */ = {
			isa = PBXFrameworksBuildPhase;
			buildActionMask = 2147483647;
			files = (
			);
			runOnlyForDeploymentPostprocessing = 0;
		};
		614CFA552B2193730077D5BE /* Frameworks */ = {
			isa = PBXFrameworksBuildPhase;
			buildActionMask = 2147483647;
			files = (
			);
			runOnlyForDeploymentPostprocessing = 0;
		};
		614CFA5F2B2193730077D5BE /* Frameworks */ = {
			isa = PBXFrameworksBuildPhase;
			buildActionMask = 2147483647;
			files = (
			);
			runOnlyForDeploymentPostprocessing = 0;
		};
/* End PBXFrameworksBuildPhase section */

/* Begin PBXGroup section */
		614CFA3F2B2193710077D5BE = {
			isa = PBXGroup;
			children = (
				614CFA4A2B2193710077D5BE /* FirstSocialMedia */,
				614CFA5B2B2193730077D5BE /* FirstSocialMediaTests */,
				614CFA652B2193730077D5BE /* FirstSocialMediaUITests */,
				614CFA492B2193710077D5BE /* Products */,
			);
			sourceTree = "<group>";
		};
		614CFA492B2193710077D5BE /* Products */ = {
			isa = PBXGroup;
			children = (
				614CFA482B2193710077D5BE /* FirstSocialMedia.app */,
				614CFA582B2193730077D5BE /* FirstSocialMediaTests.xctest */,
				614CFA622B2193730077D5BE /* FirstSocialMediaUITests.xctest */,
			);
			name = Products;
			sourceTree = "<group>";
		};
		614CFA4A2B2193710077D5BE /* FirstSocialMedia */ = {
			isa = PBXGroup;
			children = (
				614CFA4B2B2193710077D5BE /* FirstSocialMediaApp.swift */,
				614CFA4D2B2193710077D5BE /* ContentView.swift */,
				614CFA4F2B2193720077D5BE /* Assets.xcassets */,
				614CFA512B2193720077D5BE /* Preview Content */,
			);
			path = FirstSocialMedia;
			sourceTree = "<group>";
		};
		614CFA512B2193720077D5BE /* Preview Content */ = {
			isa = PBXGroup;
			children = (
				614CFA522B2193720077D5BE /* Preview Assets.xcassets */,
			);
			path = "Preview Content";
			sourceTree = "<group>";
		};
		614CFA5B2B2193730077D5BE /* FirstSocialMediaTests */ = {
			isa = PBXGroup;
			children = (
				614CFA5C2B2193730077D5BE /* FirstSocialMediaTests.swift */,
			);
			path = FirstSocialMediaTests;
			sourceTree = "<group>";
		};
		614CFA652B2193730077D5BE /* FirstSocialMediaUITests */ = {
			isa = PBXGroup;
			children = (
				614CFA662B2193730077D5BE /* FirstSocialMediaUITests.swift */,
				614CFA682B2193730077D5BE /* FirstSocialMediaUITestsLaunchTests.swift */,
			);
			path = FirstSocialMediaUITests;
			sourceTree = "<group>";
		};
/* End PBXGroup section */

/* Begin PBXNativeTarget section */
		614CFA472B2193710077D5BE /* FirstSocialMedia */ = {
			isa = PBXNativeTarget;
			buildConfigurationList = 614CFA6C2B2193730077D5BE /* Build configuration list for PBXNativeTarget "FirstSocialMedia" */;
			buildPhases = (
				614CFA442B2193710077D5BE /* Sources */,
				614CFA452B2193710077D5BE /* Frameworks */,
				614CFA462B2193710077D5BE /* Resources */,
			);
			buildRules = (
			);
			dependencies = (
			);
			name = FirstSocialMedia;
			productName = FirstSocialMedia;
			productReference = 614CFA482B2193710077D5BE /* FirstSocialMedia.app */;
			productType = "com.apple.product-type.application";
		};
		614CFA572B2193730077D5BE /* FirstSocialMediaTests */ = {
			isa = PBXNativeTarget;
			buildConfigurationList = 614CFA6F2B2193730077D5BE /* Build configuration list for PBXNativeTarget "FirstSocialMediaTests" */;
			buildPhases = (
				614CFA542B2193730077D5BE /* Sources */,
				614CFA552B2193730077D5BE /* Frameworks */,
				614CFA562B2193730077D5BE /* Resources */,
			);
			buildRules = (
			);
			dependencies = (
				614CFA5A2B2193730077D5BE /* PBXTargetDependency */,
			);
			name = FirstSocialMediaTests;
			productName = FirstSocialMediaTests;
			productReference = 614CFA582B2193730077D5BE /* FirstSocialMediaTests.xctest */;
			productType = "com.apple.product-type.bundle.unit-test";
		};
		614CFA612B2193730077D5BE /* FirstSocialMediaUITests */ = {
			isa = PBXNativeTarget;
			buildConfigurationList = 614CFA722B2193730077D5BE /* Build configuration list for PBXNativeTarget "FirstSocialMediaUITests" */;
			buildPhases = (
				614CFA5E2B2193730077D5BE /* Sources */,
				614CFA5F2B2193730077D5BE /* Frameworks */,
				614CFA602B2193730077D5BE /* Resources */,
			);
			buildRules = (
			);
			dependencies = (
				614CFA642B2193730077D5BE /* PBXTargetDependency */,
			);
			name = FirstSocialMediaUITests;
			productName = FirstSocialMediaUITests;
			productReference = 614CFA622B2193730077D5BE /* FirstSocialMediaUITests.xctest */;
			productType = "com.apple.product-type.bundle.ui-testing";
		};
/* End PBXNativeTarget section */

/* Begin PBXProject section */
		614CFA402B2193710077D5BE /* Project object */ = {
			isa = PBXProject;
			attributes = {
				BuildIndependentTargetsInParallel = 1;
				LastSwiftUpdateCheck = 1430;
				LastUpgradeCheck = 1430;
				TargetAttributes = {
					614CFA472B2193710077D5BE = {
						CreatedOnToolsVersion = 14.3.1;
					};
					614CFA572B2193730077D5BE = {
						CreatedOnToolsVersion = 14.3.1;
						TestTargetID = 614CFA472B2193710077D5BE;
					};
					614CFA612B2193730077D5BE = {
						CreatedOnToolsVersion = 14.3.1;
						TestTargetID = 614CFA472B2193710077D5BE;
					};
				};
			};
			buildConfigurationList = 614CFA432B2193710077D5BE /* Build configuration list for PBXProject "FirstSocialMedia" */;
			compatibilityVersion = "Xcode 14.0";
			developmentRegion = en;
			hasScannedForEncodings = 0;
			knownRegions = (
				en,
				Base,
			);
			mainGroup = 614CFA3F2B2193710077D5BE;
			productRefGroup = 614CFA492B2193710077D5BE /* Products */;
			projectDirPath = "";
			projectRoot = "";
			targets = (
				614CFA472B2193710077D5BE /* FirstSocialMedia */,
				614CFA572B2193730077D5BE /* FirstSocialMediaTests */,
				614CFA612B2193730077D5BE /* FirstSocialMediaUITests */,
			);
		};
/* End PBXProject section */

/* Begin PBXResourcesBuildPhase section */
		614CFA462B2193710077D5BE /* Resources */ = {
			isa = PBXResourcesBuildPhase;
			buildActionMask = 2147483647;
			files = (
				614CFA532B2193720077D5BE /* Preview Assets.xcassets in Resources */,
				614CFA502B2193720077D5BE /* Assets.xcassets in Resources */,
			);
			runOnlyForDeploymentPostprocessing = 0;
		};
		614CFA562B2193730077D5BE /* Resources */ = {
			isa = PBXResourcesBuildPhase;
			buildActionMask = 2147483647;
			files = (
			);
			runOnlyForDeploymentPostprocessing = 0;
		};
		614CFA602B2193730077D5BE /* Resources */ = {
			isa = PBXResourcesBuildPhase;
			buildActionMask = 2147483647;
			files = (
			);
			runOnlyForDeploymentPostprocessing = 0;
		};
/* End PBXResourcesBuildPhase section */

/* Begin PBXSourcesBuildPhase section */
		614CFA442B2193710077D5BE /* Sources */ = {
			isa = PBXSourcesBuildPhase;
			buildActionMask = 2147483647;
			files = (
				614CFA4E2B2193710077D5BE /* ContentView.swift in Sources */,
				614CFA4C2B2193710077D5BE /* FirstSocialMediaApp.swift in Sources */,
			);
			runOnlyForDeploymentPostprocessing = 0;
		};
		614CFA542B2193730077D5BE /* Sources */ = {
			isa = PBXSourcesBuildPhase;
			buildActionMask = 2147483647;
			files = (
				614CFA5D2B2193730077D5BE /* FirstSocialMediaTests.swift in Sources */,
			);
			runOnlyForDeploymentPostprocessing = 0;
		};
		614CFA5E2B2193730077D5BE /* Sources */ = {
			isa = PBXSourcesBuildPhase;
			buildActionMask = 2147483647;
			files = (
				614CFA672B2193730077D5BE /* FirstSocialMediaUITests.swift in Sources */,
				614CFA692B2193730077D5BE /* FirstSocialMediaUITestsLaunchTests.swift in Sources */,
			);
			runOnlyForDeploymentPostprocessing = 0;
		};
/* End PBXSourcesBuildPhase section */

/* Begin PBXTargetDependency section */
		614CFA5A2B2193730077D5BE /* PBXTargetDependency */ = {
			isa = PBXTargetDependency;
			target = 614CFA472B2193710077D5BE /* FirstSocialMedia */;
			targetProxy = 614CFA592B2193730077D5BE /* PBXContainerItemProxy */;
		};
		614CFA642B2193730077D5BE /* PBXTargetDependency */ = {
			isa = PBXTargetDependency;
			target = 614CFA472B2193710077D5BE /* FirstSocialMedia */;
			targetProxy = 614CFA632B2193730077D5BE /* PBXContainerItemProxy */;
		};
/* End PBXTargetDependency section */

/* Begin XCBuildConfiguration section */
		614CFA6A2B2193730077D5BE /* Debug */ = {
			isa = XCBuildConfiguration;
			buildSettings = {
				ALWAYS_SEARCH_USER_PATHS = NO;
				CLANG_ANALYZER_NONNULL = YES;
				CLANG_ANALYZER_NUMBER_OBJECT_CONVERSION = YES_AGGRESSIVE;
				CLANG_CXX_LANGUAGE_STANDARD = "gnu++20";
				CLANG_ENABLE_MODULES = YES;
				CLANG_ENABLE_OBJC_ARC = YES;
				CLANG_ENABLE_OBJC_WEAK = YES;
				CLANG_WARN_BLOCK_CAPTURE_AUTORELEASING = YES;
				CLANG_WARN_BOOL_CONVERSION = YES;
				CLANG_WARN_COMMA = YES;
				CLANG_WARN_CONSTANT_CONVERSION = YES;
				CLANG_WARN_DEPRECATED_OBJC_IMPLEMENTATIONS = YES;
				CLANG_WARN_DIRECT_OBJC_ISA_USAGE = YES_ERROR;
				CLANG_WARN_DOCUMENTATION_COMMENTS = YES;
				CLANG_WARN_EMPTY_BODY = YES;
				CLANG_WARN_ENUM_CONVERSION = YES;
				CLANG_WARN_INFINITE_RECURSION = YES;
				CLANG_WARN_INT_CONVERSION = YES;
				CLANG_WARN_NON_LITERAL_NULL_CONVERSION = YES;
				CLANG_WARN_OBJC_IMPLICIT_RETAIN_SELF = YES;
				CLANG_WARN_OBJC_LITERAL_CONVERSION = YES;
				CLANG_WARN_OBJC_ROOT_CLASS = YES_ERROR;
				CLANG_WARN_QUOTED_INCLUDE_IN_FRAMEWORK_HEADER = YES;
				CLANG_WARN_RANGE_LOOP_ANALYSIS = YES;
				CLANG_WARN_STRICT_PROTOTYPES = YES;
				CLANG_WARN_SUSPICIOUS_MOVE = YES;
				CLANG_WARN_UNGUARDED_AVAILABILITY = YES_AGGRESSIVE;
				CLANG_WARN_UNREACHABLE_CODE = YES;
				CLANG_WARN__DUPLICATE_METHOD_MATCH = YES;
				COPY_PHASE_STRIP = NO;
				DEBUG_INFORMATION_FORMAT = dwarf;
				ENABLE_STRICT_OBJC_MSGSEND = YES;
				ENABLE_TESTABILITY = YES;
				GCC_C_LANGUAGE_STANDARD = gnu11;
				GCC_DYNAMIC_NO_PIC = NO;
				GCC_NO_COMMON_BLOCKS = YES;
				GCC_OPTIMIZATION_LEVEL = 0;
				GCC_PREPROCESSOR_DEFINITIONS = (
					"DEBUG=1",
					"$(inherited)",
				);
				GCC_WARN_64_TO_32_BIT_CONVERSION = YES;
				GCC_WARN_ABOUT_RETURN_TYPE = YES_ERROR;
				GCC_WARN_UNDECLARED_SELECTOR = YES;
				GCC_WARN_UNINITIALIZED_AUTOS = YES_AGGRESSIVE;
				GCC_WARN_UNUSED_FUNCTION = YES;
				GCC_WARN_UNUSED_VARIABLE = YES;
				IPHONEOS_DEPLOYMENT_TARGET = 16.4;
				MTL_ENABLE_DEBUG_INFO = INCLUDE_SOURCE;
				MTL_FAST_MATH = YES;
				ONLY_ACTIVE_ARCH = YES;
				SDKROOT = iphoneos;
				SWIFT_ACTIVE_COMPILATION_CONDITIONS = DEBUG;
				SWIFT_OPTIMIZATION_LEVEL = "-Onone";
			};
			name = Debug;
		};
		614CFA6B2B2193730077D5BE /* Release */ = {
			isa = XCBuildConfiguration;
			buildSettings = {
				ALWAYS_SEARCH_USER_PATHS = NO;
				CLANG_ANALYZER_NONNULL = YES;
				CLANG_ANALYZER_NUMBER_OBJECT_CONVERSION = YES_AGGRESSIVE;
				CLANG_CXX_LANGUAGE_STANDARD = "gnu++20";
				CLANG_ENABLE_MODULES = YES;
				CLANG_ENABLE_OBJC_ARC = YES;
				CLANG_ENABLE_OBJC_WEAK = YES;
				CLANG_WARN_BLOCK_CAPTURE_AUTORELEASING = YES;
				CLANG_WARN_BOOL_CONVERSION = YES;
				CLANG_WARN_COMMA = YES;
				CLANG_WARN_CONSTANT_CONVERSION = YES;
				CLANG_WARN_DEPRECATED_OBJC_IMPLEMENTATIONS = YES;
				CLANG_WARN_DIRECT_OBJC_ISA_USAGE = YES_ERROR;
				CLANG_WARN_DOCUMENTATION_COMMENTS = YES;
				CLANG_WARN_EMPTY_BODY = YES;
				CLANG_WARN_ENUM_CONVERSION = YES;
				CLANG_WARN_INFINITE_RECURSION = YES;
				CLANG_WARN_INT_CONVERSION = YES;
				CLANG_WARN_NON_LITERAL_NULL_CONVERSION = YES;
				CLANG_WARN_OBJC_IMPLICIT_RETAIN_SELF = YES;
				CLANG_WARN_OBJC_LITERAL_CONVERSION = YES;
				CLANG_WARN_OBJC_ROOT_CLASS = YES_ERROR;
				CLANG_WARN_QUOTED_INCLUDE_IN_FRAMEWORK_HEADER = YES;
				CLANG_WARN_RANGE_LOOP_ANALYSIS = YES;
				CLANG_WARN_STRICT_PROTOTYPES = YES;
				CLANG_WARN_SUSPICIOUS_MOVE = YES;
				CLANG_WARN_UNGUARDED_AVAILABILITY = YES_AGGRESSIVE;
				CLANG_WARN_UNREACHABLE_CODE = YES;
				CLANG_WARN__DUPLICATE_METHOD_MATCH = YES;
				COPY_PHASE_STRIP = NO;
				DEBUG_INFORMATION_FORMAT = "dwarf-with-dsym";
				ENABLE_NS_ASSERTIONS = NO;
				ENABLE_STRICT_OBJC_MSGSEND = YES;
				GCC_C_LANGUAGE_STANDARD = gnu11;
				GCC_NO_COMMON_BLOCKS = YES;
				GCC_WARN_64_TO_32_BIT_CONVERSION = YES;
				GCC_WARN_ABOUT_RETURN_TYPE = YES_ERROR;
				GCC_WARN_UNDECLARED_SELECTOR = YES;
				GCC_WARN_UNINITIALIZED_AUTOS = YES_AGGRESSIVE;
				GCC_WARN_UNUSED_FUNCTION = YES;
				GCC_WARN_UNUSED_VARIABLE = YES;
				IPHONEOS_DEPLOYMENT_TARGET = 16.4;
				MTL_ENABLE_DEBUG_INFO = NO;
				MTL_FAST_MATH = YES;
				SDKROOT = iphoneos;
				SWIFT_COMPILATION_MODE = wholemodule;
				SWIFT_OPTIMIZATION_LEVEL = "-O";
				VALIDATE_PRODUCT = YES;
			};
			name = Release;
		};
		614CFA6D2B2193730077D5BE /* Debug */ = {
			isa = XCBuildConfiguration;
			buildSettings = {
				ASSETCATALOG_COMPILER_APPICON_NAME = AppIcon;
				ASSETCATALOG_COMPILER_GLOBAL_ACCENT_COLOR_NAME = AccentColor;
				CODE_SIGN_STYLE = Automatic;
				CURRENT_PROJECT_VERSION = 1;
				DEVELOPMENT_ASSET_PATHS = "\"FirstSocialMedia/Preview Content\"";
				DEVELOPMENT_TEAM = Y4M8Q7FFFV;
				ENABLE_PREVIEWS = YES;
				GENERATE_INFOPLIST_FILE = YES;
				INFOPLIST_KEY_UIApplicationSceneManifest_Generation = YES;
				INFOPLIST_KEY_UIApplicationSupportsIndirectInputEvents = YES;
				INFOPLIST_KEY_UILaunchScreen_Generation = YES;
				INFOPLIST_KEY_UISupportedInterfaceOrientations_iPad = "UIInterfaceOrientationPortrait UIInterfaceOrientationPortraitUpsideDown UIInterfaceOrientationLandscapeLeft UIInterfaceOrientationLandscapeRight";
				INFOPLIST_KEY_UISupportedInterfaceOrientations_iPhone = "UIInterfaceOrientationPortrait UIInterfaceOrientationLandscapeLeft UIInterfaceOrientationLandscapeRight";
				LD_RUNPATH_SEARCH_PATHS = (
					"$(inherited)",
					"@executable_path/Frameworks",
				);
				MARKETING_VERSION = 1.0;
				PRODUCT_BUNDLE_IDENTIFIER = daniramos.FirstSocialMedia;
				PRODUCT_NAME = "$(TARGET_NAME)";
				SWIFT_EMIT_LOC_STRINGS = YES;
				SWIFT_VERSION = 5.0;
				TARGETED_DEVICE_FAMILY = "1,2";
			};
			name = Debug;
		};
		614CFA6E2B2193730077D5BE /* Release */ = {
			isa = XCBuildConfiguration;
			buildSettings = {
				ASSETCATALOG_COMPILER_APPICON_NAME = AppIcon;
				ASSETCATALOG_COMPILER_GLOBAL_ACCENT_COLOR_NAME = AccentColor;
				CODE_SIGN_STYLE = Automatic;
				CURRENT_PROJECT_VERSION = 1;
				DEVELOPMENT_ASSET_PATHS = "\"FirstSocialMedia/Preview Content\"";
				DEVELOPMENT_TEAM = Y4M8Q7FFFV;
				ENABLE_PREVIEWS = YES;
				GENERATE_INFOPLIST_FILE = YES;
				INFOPLIST_KEY_UIApplicationSceneManifest_Generation = YES;
				INFOPLIST_KEY_UIApplicationSupportsIndirectInputEvents = YES;
				INFOPLIST_KEY_UILaunchScreen_Generation = YES;
				INFOPLIST_KEY_UISupportedInterfaceOrientations_iPad = "UIInterfaceOrientationPortrait UIInterfaceOrientationPortraitUpsideDown UIInterfaceOrientationLandscapeLeft UIInterfaceOrientationLandscapeRight";
				INFOPLIST_KEY_UISupportedInterfaceOrientations_iPhone = "UIInterfaceOrientationPortrait UIInterfaceOrientationLandscapeLeft UIInterfaceOrientationLandscapeRight";
				LD_RUNPATH_SEARCH_PATHS = (
					"$(inherited)",
					"@executable_path/Frameworks",
				);
				MARKETING_VERSION = 1.0;
				PRODUCT_BUNDLE_IDENTIFIER = daniramos.FirstSocialMedia;
				PRODUCT_NAME = "$(TARGET_NAME)";
				SWIFT_EMIT_LOC_STRINGS = YES;
				SWIFT_VERSION = 5.0;
				TARGETED_DEVICE_FAMILY = "1,2";
			};
			name = Release;
		};
		614CFA702B2193730077D5BE /* Debug */ = {
			isa = XCBuildConfiguration;
			buildSettings = {
				ALWAYS_EMBED_SWIFT_STANDARD_LIBRARIES = YES;
				BUNDLE_LOADER = "$(TEST_HOST)";
				CODE_SIGN_STYLE = Automatic;
				CURRENT_PROJECT_VERSION = 1;
				DEVELOPMENT_TEAM = Y4M8Q7FFFV;
				GENERATE_INFOPLIST_FILE = YES;
				IPHONEOS_DEPLOYMENT_TARGET = 16.4;
				MARKETING_VERSION = 1.0;
				PRODUCT_BUNDLE_IDENTIFIER = daniramos.FirstSocialMediaTests;
				PRODUCT_NAME = "$(TARGET_NAME)";
				SWIFT_EMIT_LOC_STRINGS = NO;
				SWIFT_VERSION = 5.0;
				TARGETED_DEVICE_FAMILY = "1,2";
				TEST_HOST = "$(BUILT_PRODUCTS_DIR)/FirstSocialMedia.app/$(BUNDLE_EXECUTABLE_FOLDER_PATH)/FirstSocialMedia";
			};
			name = Debug;
		};
		614CFA712B2193730077D5BE /* Release */ = {
			isa = XCBuildConfiguration;
			buildSettings = {
				ALWAYS_EMBED_SWIFT_STANDARD_LIBRARIES = YES;
				BUNDLE_LOADER = "$(TEST_HOST)";
				CODE_SIGN_STYLE = Automatic;
				CURRENT_PROJECT_VERSION = 1;
				DEVELOPMENT_TEAM = Y4M8Q7FFFV;
				GENERATE_INFOPLIST_FILE = YES;
				IPHONEOS_DEPLOYMENT_TARGET = 16.4;
				MARKETING_VERSION = 1.0;
				PRODUCT_BUNDLE_IDENTIFIER = daniramos.FirstSocialMediaTests;
				PRODUCT_NAME = "$(TARGET_NAME)";
				SWIFT_EMIT_LOC_STRINGS = NO;
				SWIFT_VERSION = 5.0;
				TARGETED_DEVICE_FAMILY = "1,2";
				TEST_HOST = "$(BUILT_PRODUCTS_DIR)/FirstSocialMedia.app/$(BUNDLE_EXECUTABLE_FOLDER_PATH)/FirstSocialMedia";
			};
			name = Release;
		};
		614CFA732B2193730077D5BE /* Debug */ = {
			isa = XCBuildConfiguration;
			buildSettings = {
				ALWAYS_EMBED_SWIFT_STANDARD_LIBRARIES = YES;
				CODE_SIGN_STYLE = Automatic;
				CURRENT_PROJECT_VERSION = 1;
				DEVELOPMENT_TEAM = Y4M8Q7FFFV;
				GENERATE_INFOPLIST_FILE = YES;
				MARKETING_VERSION = 1.0;
				PRODUCT_BUNDLE_IDENTIFIER = daniramos.FirstSocialMediaUITests;
				PRODUCT_NAME = "$(TARGET_NAME)";
				SWIFT_EMIT_LOC_STRINGS = NO;
				SWIFT_VERSION = 5.0;
				TARGETED_DEVICE_FAMILY = "1,2";
				TEST_TARGET_NAME = FirstSocialMedia;
			};
			name = Debug;
		};
		614CFA742B2193730077D5BE /* Release */ = {
			isa = XCBuildConfiguration;
			buildSettings = {
				ALWAYS_EMBED_SWIFT_STANDARD_LIBRARIES = YES;
				CODE_SIGN_STYLE = Automatic;
				CURRENT_PROJECT_VERSION = 1;
				DEVELOPMENT_TEAM = Y4M8Q7FFFV;
				GENERATE_INFOPLIST_FILE = YES;
				MARKETING_VERSION = 1.0;
				PRODUCT_BUNDLE_IDENTIFIER = daniramos.FirstSocialMediaUITests;
				PRODUCT_NAME = "$(TARGET_NAME)";
				SWIFT_EMIT_LOC_STRINGS = NO;
				SWIFT_VERSION = 5.0;
				TARGETED_DEVICE_FAMILY = "1,2";
				TEST_TARGET_NAME = FirstSocialMedia;
			};
			name = Release;
		};
/* End XCBuildConfiguration section */

/* Begin XCConfigurationList section */
		614CFA432B2193710077D5BE /* Build configuration list for PBXProject "FirstSocialMedia" */ = {
			isa = XCConfigurationList;
			buildConfigurations = (
				614CFA6A2B2193730077D5BE /* Debug */,
				614CFA6B2B2193730077D5BE /* Release */,
			);
			defaultConfigurationIsVisible = 0;
			defaultConfigurationName = Release;
		};
		614CFA6C2B2193730077D5BE /* Build configuration list for PBXNativeTarget "FirstSocialMedia" */ = {
			isa = XCConfigurationList;
			buildConfigurations = (
				614CFA6D2B2193730077D5BE /* Debug */,
				614CFA6E2B2193730077D5BE /* Release */,
			);
			defaultConfigurationIsVisible = 0;
			defaultConfigurationName = Release;
		};
		614CFA6F2B2193730077D5BE /* Build configuration list for PBXNativeTarget "FirstSocialMediaTests" */ = {
			isa = XCConfigurationList;
			buildConfigurations = (
				614CFA702B2193730077D5BE /* Debug */,
				614CFA712B2193730077D5BE /* Release */,
			);
			defaultConfigurationIsVisible = 0;
			defaultConfigurationName = Release;
		};
		614CFA722B2193730077D5BE /* Build configuration list for PBXNativeTarget "FirstSocialMediaUITests" */ = {
			isa = XCConfigurationList;
			buildConfigurations = (
				614CFA732B2193730077D5BE /* Debug */,
				614CFA742B2193730077D5BE /* Release */,
			);
			defaultConfigurationIsVisible = 0;
			defaultConfigurationName = Release;
		};
/* End XCConfigurationList section */
	};
	rootObject = 614CFA402B2193710077D5BE /* Project object */;
}
